Microsoft Visual Studio Solution File, Format Version 11.00
# Visual Studio 2008

Project("{AFDF47B2-093E-81C8-BDA1-A73F177CE10A}") = "3D-Maze-Game", "Assembly-CSharp.csproj", "{FF021E39-F83E-D2AF-B610-9E2507331569}"
EndProject
Global
	GlobalSection(SolutionConfigurationPlatforms) = preSolution
		Debug|Any CPU = Debug|Any CPU
		Release|Any CPU = Release|Any CPU
	EndGlobalSection
	GlobalSection(ProjectConfigurationPlatforms) = postSolution
		{FF021E39-F83E-D2AF-B610-9E2507331569}.Debug|Any CPU.ActiveCfg = Debug|Any CPU
		{FF021E39-F83E-D2AF-B610-9E2507331569}.Debug|Any CPU.Build.0 = Debug|Any CPU
		{FF021E39-F83E-D2AF-B610-9E2507331569}.Release|Any CPU.ActiveCfg = Release|Any CPU
		{FF021E39-F83E-D2AF-B610-9E2507331569}.Release|Any CPU.Build.0 = Release|Any CPU
	EndGlobalSection
	GlobalSection(SolutionProperties) = preSolution
		HideSolutionNode = FALSE
	EndGlobalSection
	GlobalSection(MonoDevelopProperties) = preSolution
		StartupItem = Assembly-CSharp.csproj
	EndGlobalSection
EndGlobal
